
Microsoft Visual Studio Solution File, Format Version 12.00
# Visual Studio Version 17
VisualStudioVersion = 17.9.34723.18
MinimumVisualStudioVersion = 10.0.40219.1
Project("{FAE04EC0-301F-11D3-BF4B-00C04F79EFBC}") = "Single_Responsibility_Principle", "ConsoleApp15\Single_Responsibility_Principle.csproj", "{A05B3B82-7BD2-4C00-BA88-FA575E93A9D7}"
EndProject
Project("{FAE04EC0-301F-11D3-BF4B-00C04F79EFBC}") = "Open_Closed_Principle", "Open_Closed_Principle\Open_Closed_Principle.csproj", "{A14AEB93-F05C-4175-979D-8E0E727F14EE}"
EndProject
Project("{FAE04EC0-301F-11D3-BF4B-00C04F79EFBC}") = "Liskov_Substitution_Principle", "Liskov_Substitution_Principle\Liskov_Substitution_Principle.csproj", "{E19B6A68-1830-4382-85DC-7D83911E008E}"
EndProject
Project("{FAE04EC0-301F-11D3-BF4B-00C04F79EFBC}") = "Interface_Segregation_Principle", "ConsoleApp1\Interface_Segregation_Principle.csproj", "{FBF89B82-BBEB-464A-9F69-40BED23BC4A8}"
EndProject
Project("{FAE04EC0-301F-11D3-BF4B-00C04F79EFBC}") = "Dependency_Inversion_Principle", "Dependency_Inversion_Principle\Dependency_Inversion_Principle.csproj", "{4339D8B6-D62F-4CDC-B563-09E37AFA410C}"
EndProject
Global
	GlobalSection(SolutionConfigurationPlatforms) = preSolution
		Debug|Any CPU = Debug|Any CPU
		Release|Any CPU = Release|Any CPU
	EndGlobalSection
	GlobalSection(ProjectConfigurationPlatforms) = postSolution
		{A05B3B82-7BD2-4C00-BA88-FA575E93A9D7}.Debug|Any CPU.ActiveCfg = Debug|Any CPU
		{A05B3B82-7BD2-4C00-BA88-FA575E93A9D7}.Debug|Any CPU.Build.0 = Debug|Any CPU
		{A05B3B82-7BD2-4C00-BA88-FA575E93A9D7}.Release|Any CPU.ActiveCfg = Release|Any CPU
		{A05B3B82-7BD2-4C00-BA88-FA575E93A9D7}.Release|Any CPU.Build.0 = Release|Any CPU
		{A14AEB93-F05C-4175-979D-8E0E727F14EE}.Debug|Any CPU.ActiveCfg = Debug|Any CPU
		{A14AEB93-F05C-4175-979D-8E0E727F14EE}.Debug|Any CPU.Build.0 = Debug|Any CPU
		{A14AEB93-F05C-4175-979D-8E0E727F14EE}.Release|Any CPU.ActiveCfg = Release|Any CPU
		{A14AEB93-F05C-4175-979D-8E0E727F14EE}.Release|Any CPU.Build.0 = Release|Any CPU
		{E19B6A68-1830-4382-85DC-7D83911E008E}.Debug|Any CPU.ActiveCfg = Debug|Any CPU
		{E19B6A68-1830-4382-85DC-7D83911E008E}.Debug|Any CPU.Build.0 = Debug|Any CPU
		{E19B6A68-1830-4382-85DC-7D83911E008E}.Release|Any CPU.ActiveCfg = Release|Any CPU
		{E19B6A68-1830-4382-85DC-7D83911E008E}.Release|Any CPU.Build.0 = Release|Any CPU
		{FBF89B82-BBEB-464A-9F69-40BED23BC4A8}.Debug|Any CPU.ActiveCfg = Debug|Any CPU
		{FBF89B82-BBEB-464A-9F69-40BED23BC4A8}.Debug|Any CPU.Build.0 = Debug|Any CPU
		{FBF89B82-BBEB-464A-9F69-40BED23BC4A8}.Release|Any CPU.ActiveCfg = Release|Any CPU
		{FBF89B82-BBEB-464A-9F69-40BED23BC4A8}.Release|Any CPU.Build.0 = Release|Any CPU
		{4339D8B6-D62F-4CDC-B563-09E37AFA410C}.Debug|Any CPU.ActiveCfg = Debug|Any CPU
		{4339D8B6-D62F-4CDC-B563-09E37AFA410C}.Debug|Any CPU.Build.0 = Debug|Any CPU
		{4339D8B6-D62F-4CDC-B563-09E37AFA410C}.Release|Any CPU.ActiveCfg = Release|Any CPU
		{4339D8B6-D62F-4CDC-B563-09E37AFA410C}.Release|Any CPU.Build.0 = Release|Any CPU
	EndGlobalSection
	GlobalSection(SolutionProperties) = preSolution
		HideSolutionNode = FALSE
	EndGlobalSection
	GlobalSection(ExtensibilityGlobals) = postSolution
		SolutionGuid = {6F2406CB-DC18-4D57-AAE0-644F9402718D}
	EndGlobalSection
EndGlobal
